
Microsoft Visual Studio Solution File, Format Version 12.00
# Visual Studio Version 17
VisualStudioVersion = 17.5.33530.505
MinimumVisualStudioVersion = 10.0.40219.1
Project("{FAE04EC0-301F-11D3-BF4B-00C04F79EFBC}") = "030523_NBUY", "030523_NBUY\030523_NBUY.csproj", "{927223D2-50B7-44E4-99F9-56D3387B88E4}"
EndProject
Global
	GlobalSection(SolutionConfigurationPlatforms) = preSolution
		Debug|Any CPU = Debug|Any CPU
		Release|Any CPU = Release|Any CPU
	EndGlobalSection
	GlobalSection(ProjectConfigurationPlatforms) = postSolution
		{927223D2-50B7-44E4-99F9-56D3387B88E4}.Debug|Any CPU.ActiveCfg = Debug|Any CPU
		{927223D2-50B7-44E4-99F9-56D3387B88E4}.Debug|Any CPU.Build.0 = Debug|Any CPU
		{927223D2-50B7-44E4-99F9-56D3387B88E4}.Release|Any CPU.ActiveCfg = Release|Any CPU
		{927223D2-50B7-44E4-99F9-56D3387B88E4}.Release|Any CPU.Build.0 = Release|Any CPU
	EndGlobalSection
	GlobalSection(SolutionProperties) = preSolution
		HideSolutionNode = FALSE
	EndGlobalSection
	GlobalSection(ExtensibilityGlobals) = postSolution
		SolutionGuid = {17381E9B-8CCD-4ED1-B244-D4D4833FF438}
	EndGlobalSection
EndGlobal
